schema_version: 1
images:
  dashboard:
    image: busybox
    tag: "1.36.1"
    digest: ""
  echo-tool:
    image: busybox
    tag: "1.36.1"
    digest: ""
  echo-tool-fallback:
    image: busybox
    tag: "1.36.1"
    digest: ""
  echo-tool-active:
    image: busybox
    tag: "1.36.1"
    digest: ""
  echo-fail:
    image: busybox
    tag: "1.36.1"
    digest: ""
  vhost-fixture:
    image: recon-pipeline/vhost-fixture
    tag: "b2-smoke"
    digest: "sha256:a89838992141cb33491cbfd3fe0c252dab80376a39b49ccec16530725fa51a2e"
  ffuf:
    image: recon-pipeline/ffuf
    tag: "v2.1.0"
    digest: ""
  dnsx:
    image: projectdiscovery/dnsx
    tag: "v1.2.2"
    digest: ""
  massdns:
    image: c99tn/massdns
    tag: "latest"
    digest: ""
  naabu:
    image: projectdiscovery/naabu
    tag: "v2.3.5"
    digest: ""
  # B4 PORT-SWEEP second stage (designated VA hook): nmap -sV, toggle OFF by
  # default — the image is pinned so flipping the toggle needs zero re-pinning.
  nmap:
    image: instrumentisto/nmap
    tag: "7.98-r2"
    digest: ""
  httpx:
    image: projectdiscovery/httpx
    tag: "v1.10.0"
    digest: "sha256:e2f89a700e535b3e0d5ccf95e3383ebb54c2faecd8e8100573455cd0cbe8e02d"
  alterx:
    image: projectdiscovery/alterx
    tag: "v0.0.6"
    digest: ""
  # ---- B3 passive branch (PSV-0..PSV-8) ----
  curl:
    image: curlimages/curl
    tag: "8.10.1"
    digest: ""
  subfinder:
    image: projectdiscovery/subfinder
    tag: "v2.6.7"
    digest: ""
  amass:
    image: caffix/amass
    tag: "latest"
    digest: ""
  # REM13 (run #18 evidence): tomnomnom/hacks and puredns/puredns do not exist
  # on Docker Hub; the four Go tools are built from source into the local
  # passive-tools image (docker/passive-tools). chaos lives at
  # projectdiscovery/chaos-client; findomain at the author's repo image.
  assetfinder:
    image: recon-pipeline/passive-tools
    tag: "v1"
    digest: ""
  waybackurls:
    image: recon-pipeline/passive-tools
    tag: "v1"
    digest: ""
  puredns:
    image: recon-pipeline/passive-tools
    tag: "v1"
    digest: ""
  chaos:
    image: projectdiscovery/chaos-client
    tag: "latest"
    digest: ""
  findomain:
    image: edu4rdshl/findomain
    tag: "latest"
    digest: ""
  passive-tools:
    image: recon-pipeline/passive-tools
    tag: "v1"
    digest: ""
